
Microsoft Visual Studio Solution File, Format Version 12.00
# Visual Studio 15
VisualStudioVersion = 15.0.26124.0
MinimumVisualStudioVersion = 15.0.26124.0
Project("{2150E333-8FDC-42A3-9474-1A3956D46DE8}") = "src", "src", "{2076D325-F0FB-436B-BC96-BD439A9239B4}"
EndProject
Project("{FAE04EC0-301F-11D3-BF4B-00C04F79EFBC}") = "Luizanac.Infra.Http", "src\Luizanac.Infra.Http\Luizanac.Infra.Http.csproj", "{026A310D-9013-4A26-9A2D-92C17117F4B2}"
EndProject
Project("{FAE04EC0-301F-11D3-BF4B-00C04F79EFBC}") = "Luizanac.Web", "src\Luizanac.Web\Luizanac.Web.csproj", "{8A72D3D5-5740-479A-882F-EFB8491A876B}"
EndProject
Project("{FAE04EC0-301F-11D3-BF4B-00C04F79EFBC}") = "Luizanac.Service", "src\Luizanac.Service\Luizanac.Service.csproj", "{E9B59D01-F364-4261-BE39-6D1FD41D9CA1}"
EndProject
Project("{FAE04EC0-301F-11D3-BF4B-00C04F79EFBC}") = "Luizanac.Infra.Http.Abstractions", "src\Luizanac.Infra.Http.Abstractions\Luizanac.Infra.Http.Abstractions.csproj", "{EC25C66C-56BD-4EDC-BCF0-FABBC78844FD}"
EndProject
Global
	GlobalSection(SolutionConfigurationPlatforms) = preSolution
		Debug|Any CPU = Debug|Any CPU
		Debug|x64 = Debug|x64
		Debug|x86 = Debug|x86
		Release|Any CPU = Release|Any CPU
		Release|x64 = Release|x64
		Release|x86 = Release|x86
	EndGlobalSection
	GlobalSection(SolutionProperties) = preSolution
		HideSolutionNode = FALSE
	EndGlobalSection
	GlobalSection(ProjectConfigurationPlatforms) = postSolution
		{026A310D-9013-4A26-9A2D-92C17117F4B2}.Debug|Any CPU.ActiveCfg = Debug|Any CPU
		{026A310D-9013-4A26-9A2D-92C17117F4B2}.Debug|Any CPU.Build.0 = Debug|Any CPU
		{026A310D-9013-4A26-9A2D-92C17117F4B2}.Debug|x64.ActiveCfg = Debug|Any CPU
		{026A310D-9013-4A26-9A2D-92C17117F4B2}.Debug|x64.Build.0 = Debug|Any CPU
		{026A310D-9013-4A26-9A2D-92C17117F4B2}.Debug|x86.ActiveCfg = Debug|Any CPU
		{026A310D-9013-4A26-9A2D-92C17117F4B2}.Debug|x86.Build.0 = Debug|Any CPU
		{026A310D-9013-4A26-9A2D-92C17117F4B2}.Release|Any CPU.ActiveCfg = Release|Any CPU
		{026A310D-9013-4A26-9A2D-92C17117F4B2}.Release|Any CPU.Build.0 = Release|Any CPU
		{026A310D-9013-4A26-9A2D-92C17117F4B2}.Release|x64.ActiveCfg = Release|Any CPU
		{026A310D-9013-4A26-9A2D-92C17117F4B2}.Release|x64.Build.0 = Release|Any CPU
		{026A310D-9013-4A26-9A2D-92C17117F4B2}.Release|x86.ActiveCfg = Release|Any CPU
		{026A310D-9013-4A26-9A2D-92C17117F4B2}.Release|x86.Build.0 = Release|Any CPU
		{8A72D3D5-5740-479A-882F-EFB8491A876B}.Debug|Any CPU.ActiveCfg = Debug|Any CPU
		{8A72D3D5-5740-479A-882F-EFB8491A876B}.Debug|Any CPU.Build.0 = Debug|Any CPU
		{8A72D3D5-5740-479A-882F-EFB8491A876B}.Debug|x64.ActiveCfg = Debug|Any CPU
		{8A72D3D5-5740-479A-882F-EFB8491A876B}.Debug|x64.Build.0 = Debug|Any CPU
		{8A72D3D5-5740-479A-882F-EFB8491A876B}.Debug|x86.ActiveCfg = Debug|Any CPU
		{8A72D3D5-5740-479A-882F-EFB8491A876B}.Debug|x86.Build.0 = Debug|Any CPU
		{8A72D3D5-5740-479A-882F-EFB8491A876B}.Release|Any CPU.ActiveCfg = Release|Any CPU
		{8A72D3D5-5740-479A-882F-EFB8491A876B}.Release|Any CPU.Build.0 = Release|Any CPU
		{8A72D3D5-5740-479A-882F-EFB8491A876B}.Release|x64.ActiveCfg = Release|Any CPU
		{8A72D3D5-5740-479A-882F-EFB8491A876B}.Release|x64.Build.0 = Release|Any CPU
		{8A72D3D5-5740-479A-882F-EFB8491A876B}.Release|x86.ActiveCfg = Release|Any CPU
		{8A72D3D5-5740-479A-882F-EFB8491A876B}.Release|x86.Build.0 = Release|Any CPU
		{E9B59D01-F364-4261-BE39-6D1FD41D9CA1}.Debug|Any CPU.ActiveCfg = Debug|Any CPU
		{E9B59D01-F364-4261-BE39-6D1FD41D9CA1}.Debug|Any CPU.Build.0 = Debug|Any CPU
		{E9B59D01-F364-4261-BE39-6D1FD41D9CA1}.Debug|x64.ActiveCfg = Debug|Any CPU
		{E9B59D01-F364-4261-BE39-6D1FD41D9CA1}.Debug|x64.Build.0 = Debug|Any CPU
		{E9B59D01-F364-4261-BE39-6D1FD41D9CA1}.Debug|x86.ActiveCfg = Debug|Any CPU
		{E9B59D01-F364-4261-BE39-6D1FD41D9CA1}.Debug|x86.Build.0 = Debug|Any CPU
		{E9B59D01-F364-4261-BE39-6D1FD41D9CA1}.Release|Any CPU.ActiveCfg = Release|Any CPU
		{E9B59D01-F364-4261-BE39-6D1FD41D9CA1}.Release|Any CPU.Build.0 = Release|Any CPU
		{E9B59D01-F364-4261-BE39-6D1FD41D9CA1}.Release|x64.ActiveCfg = Release|Any CPU
		{E9B59D01-F364-4261-BE39-6D1FD41D9CA1}.Release|x64.Build.0 = Release|Any CPU
		{E9B59D01-F364-4261-BE39-6D1FD41D9CA1}.Release|x86.ActiveCfg = Release|Any CPU
		{E9B59D01-F364-4261-BE39-6D1FD41D9CA1}.Release|x86.Build.0 = Release|Any CPU
		{EC25C66C-56BD-4EDC-BCF0-FABBC78844FD}.Debug|Any CPU.ActiveCfg = Debug|Any CPU
		{EC25C66C-56BD-4EDC-BCF0-FABBC78844FD}.Debug|Any CPU.Build.0 = Debug|Any CPU
		{EC25C66C-56BD-4EDC-BCF0-FABBC78844FD}.Debug|x64.ActiveCfg = Debug|Any CPU
		{EC25C66C-56BD-4EDC-BCF0-FABBC78844FD}.Debug|x64.Build.0 = Debug|Any CPU
		{EC25C66C-56BD-4EDC-BCF0-FABBC78844FD}.Debug|x86.ActiveCfg = Debug|Any CPU
		{EC25C66C-56BD-4EDC-BCF0-FABBC78844FD}.Debug|x86.Build.0 = Debug|Any CPU
		{EC25C66C-56BD-4EDC-BCF0-FABBC78844FD}.Release|Any CPU.ActiveCfg = Release|Any CPU
		{EC25C66C-56BD-4EDC-BCF0-FABBC78844FD}.Release|Any CPU.Build.0 = Release|Any CPU
		{EC25C66C-56BD-4EDC-BCF0-FABBC78844FD}.Release|x64.ActiveCfg = Release|Any CPU
		{EC25C66C-56BD-4EDC-BCF0-FABBC78844FD}.Release|x64.Build.0 = Release|Any CPU
		{EC25C66C-56BD-4EDC-BCF0-FABBC78844FD}.Release|x86.ActiveCfg = Release|Any CPU
		{EC25C66C-56BD-4EDC-BCF0-FABBC78844FD}.Release|x86.Build.0 = Release|Any CPU
	EndGlobalSection
	GlobalSection(NestedProjects) = preSolution
		{026A310D-9013-4A26-9A2D-92C17117F4B2} = {2076D325-F0FB-436B-BC96-BD439A9239B4}
		{8A72D3D5-5740-479A-882F-EFB8491A876B} = {2076D325-F0FB-436B-BC96-BD439A9239B4}
		{E9B59D01-F364-4261-BE39-6D1FD41D9CA1} = {2076D325-F0FB-436B-BC96-BD439A9239B4}
		{EC25C66C-56BD-4EDC-BCF0-FABBC78844FD} = {2076D325-F0FB-436B-BC96-BD439A9239B4}
	EndGlobalSection
EndGlobal
